# This file is generated by running "yarn install" inside your project.
# Manual changes might be lost - proceed with caution!

__metadata:
  version: 8
  cacheKey: 10

"@esbuild/android-arm64@npm:0.19.5":
  version: 0.19.5
  resolution: "@esbuild/android-arm64@npm:0.19.5"
  conditions: os=android & cpu=arm64
  languageName: node
  linkType: hard

"@esbuild/android-arm@npm:0.19.5":
  version: 0.19.5
  resolution: "@esbuild/android-arm@npm:0.19.5"
  conditions: os=android & cpu=arm
  languageName: node
  linkType: hard

"@esbuild/android-x64@npm:0.19.5":
  version: 0.19.5
  resolution: "@esbuild/android-x64@npm:0.19.5"
  conditions: os=android & cpu=x64
  languageName: node
  linkType: hard

"@esbuild/darwin-arm64@npm:0.19.5":
  version: 0.19.5
  resolution: "@esbuild/darwin-arm64@npm:0.19.5"
  conditions: os=darwin & cpu=arm64
  languageName: node
  linkType: hard

"@esbuild/darwin-x64@npm:0.19.5":
  version: 0.19.5
  resolution: "@esbuild/darwin-x64@npm:0.19.5"
  conditions: os=darwin & cpu=x64
  languageName: node
  linkType: hard

"@esbuild/freebsd-arm64@npm:0.19.5":
  version: 0.19.5
  resolution: "@esbuild/freebsd-arm64@npm:0.19.5"
  conditions: os=freebsd & cpu=arm64
  languageName: node
  linkType: hard

"@esbuild/freebsd-x64@npm:0.19.5":
  version: 0.19.5
  resolution: "@esbuild/freebsd-x64@npm:0.19.5"
  conditions: os=freebsd & cpu=x64
  languageName: node
  linkType: hard

"@esbuild/linux-arm64@npm:0.19.5":
  version: 0.19.5
  resolution: "@esbuild/linux-arm64@npm:0.19.5"
  conditions: os=linux & cpu=arm64
  languageName: node
  linkType: hard

"@esbuild/linux-arm@npm:0.19.5":
  version: 0.19.5
  resolution: "@esbuild/linux-arm@npm:0.19.5"
  conditions: os=linux & cpu=arm
  languageName: node
  linkType: hard

"@esbuild/linux-ia32@npm:0.19.5":
  version: 0.19.5
  resolution: "@esbuild/linux-ia32@npm:0.19.5"
  conditions: os=linux & cpu=ia32
  languageName: node
  linkType: hard

"@esbuild/linux-loong64@npm:0.19.5":
  version: 0.19.5
  resolution: "@esbuild/linux-loong64@npm:0.19.5"
  conditions: os=linux & cpu=loong64
  languageName: node
  linkType: hard

"@esbuild/linux-mips64el@npm:0.19.5":
  version: 0.19.5
  resolution: "@esbuild/linux-mips64el@npm:0.19.5"
  conditions: os=linux & cpu=mips64el
  languageName: node
  linkType: hard

"@esbuild/linux-ppc64@npm:0.19.5":
  version: 0.19.5
  resolution: "@esbuild/linux-ppc64@npm:0.19.5"
  conditions: os=linux & cpu=ppc64
  languageName: node
  linkType: hard

"@esbuild/linux-riscv64@npm:0.19.5":
  version: 0.19.5
  resolution: "@esbuild/linux-riscv64@npm:0.19.5"
  conditions: os=linux & cpu=riscv64
  languageName: node
  linkType: hard

"@esbuild/linux-s390x@npm:0.19.5":
  version: 0.19.5
  resolution: "@esbuild/linux-s390x@npm:0.19.5"
  conditions: os=linux & cpu=s390x
  languageName: node
  linkType: hard

"@esbuild/linux-x64@npm:0.19.5":
  version: 0.19.5
  resolution: "@esbuild/linux-x64@npm:0.19.5"
  conditions: os=linux & cpu=x64
  languageName: node
  linkType: hard

"@esbuild/netbsd-x64@npm:0.19.5":
  version: 0.19.5
  resolution: "@esbuild/netbsd-x64@npm:0.19.5"
  conditions: os=netbsd & cpu=x64
  languageName: node
  linkType: hard

"@esbuild/openbsd-x64@npm:0.19.5":
  version: 0.19.5
  resolution: "@esbuild/openbsd-x64@npm:0.19.5"
  conditions: os=openbsd & cpu=x64
  languageName: node
  linkType: hard

"@esbuild/sunos-x64@npm:0.19.5":
  version: 0.19.5
  resolution: "@esbuild/sunos-x64@npm:0.19.5"
  conditions: os=sunos & cpu=x64
  languageName: node
  linkType: hard

"@esbuild/win32-arm64@npm:0.19.5":
  version: 0.19.5
  resolution: "@esbuild/win32-arm64@npm:0.19.5"
  conditions: os=win32 & cpu=arm64
  languageName: node
  linkType: hard

"@esbuild/win32-ia32@npm:0.19.5":
  version: 0.19.5
  resolution: "@esbuild/win32-ia32@npm:0.19.5"
  conditions: os=win32 & cpu=ia32
  languageName: node
  linkType: hard

"@esbuild/win32-x64@npm:0.19.5":
  version: 0.19.5
  resolution: "@esbuild/win32-x64@npm:0.19.5"
  conditions: os=win32 & cpu=x64
  languageName: node
  linkType: hard

"@vue/reactivity@npm:~3.1.1":
  version: 3.1.5
  resolution: "@vue/reactivity@npm:3.1.5"
  dependencies:
    "@vue/shared": "npm:3.1.5"
  checksum: 9afea00db14d9ff9285051ed13184b1aefee1bf2de0210016756f39d1cf91553f24fd1e7f3c488cf40fba5d4ed15a4cdea3293f049a6762855e9fd1af1f4e357
  languageName: node
  linkType: hard

"@vue/shared@npm:3.1.5":
  version: 3.1.5
  resolution: "@vue/shared@npm:3.1.5"
  checksum: f0c589cf01e6d5a0a9ab1d32be5a3f1c48292adb77652b444e03e1309c077ebbb9cfc6c21c2ccc315842056cc1558e4e5ddd34254733e32d348b0653b6a479bd
  languageName: node
  linkType: hard

"alpinejs@npm:^3.13.2":
  version: 3.13.2
  resolution: "alpinejs@npm:3.13.2"
  dependencies:
    "@vue/reactivity": "npm:~3.1.1"
  checksum: e8b8c7eb15ca4a4878e5652eeb56ccd189c7df3baccd9eba45c80fa224d0f7445f86b9e79f128661e2976fdd1986b3a4a2886a5c10674e44ce2ac4681707a3ab
  languageName: node
  linkType: hard

"esbuild@npm:^0.19.5":
  version: 0.19.5
  resolution: "esbuild@npm:0.19.5"
  dependencies:
    "@esbuild/android-arm": "npm:0.19.5"
    "@esbuild/android-arm64": "npm:0.19.5"
    "@esbuild/android-x64": "npm:0.19.5"
    "@esbuild/darwin-arm64": "npm:0.19.5"
    "@esbuild/darwin-x64": "npm:0.19.5"
    "@esbuild/freebsd-arm64": "npm:0.19.5"
    "@esbuild/freebsd-x64": "npm:0.19.5"
    "@esbuild/linux-arm": "npm:0.19.5"
    "@esbuild/linux-arm64": "npm:0.19.5"
    "@esbuild/linux-ia32": "npm:0.19.5"
    "@esbuild/linux-loong64": "npm:0.19.5"
    "@esbuild/linux-mips64el": "npm:0.19.5"
    "@esbuild/linux-ppc64": "npm:0.19.5"
    "@esbuild/linux-riscv64": "npm:0.19.5"
    "@esbuild/linux-s390x": "npm:0.19.5"
    "@esbuild/linux-x64": "npm:0.19.5"
    "@esbuild/netbsd-x64": "npm:0.19.5"
    "@esbuild/openbsd-x64": "npm:0.19.5"
    "@esbuild/sunos-x64": "npm:0.19.5"
    "@esbuild/win32-arm64": "npm:0.19.5"
    "@esbuild/win32-ia32": "npm:0.19.5"
    "@esbuild/win32-x64": "npm:0.19.5"
  dependenciesMeta:
    "@esbuild/android-arm":
      optional: true
    "@esbuild/android-arm64":
      optional: true
    "@esbuild/android-x64":
      optional: true
    "@esbuild/darwin-arm64":
      optional: true
    "@esbuild/darwin-x64":
      optional: true
    "@esbuild/freebsd-arm64":
      optional: true
    "@esbuild/freebsd-x64":
      optional: true
    "@esbuild/linux-arm":
      optional: true
    "@esbuild/linux-arm64":
      optional: true
    "@esbuild/linux-ia32":
      optional: true
    "@esbuild/linux-loong64":
      optional: true
    "@esbuild/linux-mips64el":
      optional: true
    "@esbuild/linux-ppc64":
      optional: true
    "@esbuild/linux-riscv64":
      optional: true
    "@esbuild/linux-s390x":
      optional: true
    "@esbuild/linux-x64":
      optional: true
    "@esbuild/netbsd-x64":
      optional: true
    "@esbuild/openbsd-x64":
      optional: true
    "@esbuild/sunos-x64":
      optional: true
    "@esbuild/win32-arm64":
      optional: true
    "@esbuild/win32-ia32":
      optional: true
    "@esbuild/win32-x64":
      optional: true
  bin:
    esbuild: bin/esbuild
  checksum: f8ffe0cbab8a80ec63b6962b7d722da9e3dbe79a57d3cd998e107e35792068facd6f63e58ae19e919891456ed6cb73114a9777f0e7353ec8613b4fc75571d56d
  languageName: node
  linkType: hard

"flip-js@npm:^0.0.4":
  version: 0.0.4
  resolution: "flip-js@npm:0.0.4"
  checksum: b172263d5ac08190377191939813badc1deb0ab6fe5368728b08fad9cc8760bc2d8b5e98b1d5688f7c01bafcaa5c28ebe12c9a5b0e0da0a0ed39894c7e7df8f9
  languageName: node
  linkType: hard

"omni-core-filemanager@workspace:.":
  version: 0.0.0-use.local
  resolution: "omni-core-filemanager@workspace:."
  dependencies:
    alpinejs: "npm:^3.13.2"
    esbuild: "npm:^0.19.5"
    flip-js: "npm:^0.0.4"
    typescript: "npm:^5.2.2"
  languageName: unknown
  linkType: soft

"typescript@npm:^5.2.2":
  version: 5.2.2
  resolution: "typescript@npm:5.2.2"
  bin:
    tsc: bin/tsc
    tsserver: bin/tsserver
  checksum: d65e50eb849bd21ff8677e5b9447f9c6e74777e346afd67754934264dcbf4bd59e7d2473f6062d9a015d66bd573311166357e3eb07fea0b52859cf9bb2b58555
  languageName: node
  linkType: hard

"typescript@patch:typescript@npm%3A^5.2.2#optional!builtin<compat/typescript>":
  version: 5.2.2
  resolution: "typescript@patch:typescript@npm%3A5.2.2#optional!builtin<compat/typescript>::version=5.2.2&hash=f3b441"
  bin:
    tsc: bin/tsc
    tsserver: bin/tsserver
  checksum: f79cc2ba802c94c2b78dbb00d767a10adb67368ae764709737dc277273ec148aa4558033a03ce901406b35fddf4eac46dabc94a1e1d12d2587e2b9cfe5707b4a
  languageName: node
  linkType: hard
