# This file is generated by running "yarn install" inside your project.
# Manual changes might be lost - proceed with caution!

__metadata:
  version: 6
  cacheKey: 8

"@esbuild/android-arm64@npm:0.18.20":
  version: 0.18.20
  resolution: "@esbuild/android-arm64@npm:0.18.20"
  conditions: os=android & cpu=arm64
  languageName: node
  linkType: hard

"@esbuild/android-arm@npm:0.18.20":
  version: 0.18.20
  resolution: "@esbuild/android-arm@npm:0.18.20"
  conditions: os=android & cpu=arm
  languageName: node
  linkType: hard

"@esbuild/android-x64@npm:0.18.20":
  version: 0.18.20
  resolution: "@esbuild/android-x64@npm:0.18.20"
  conditions: os=android & cpu=x64
  languageName: node
  linkType: hard

"@esbuild/darwin-arm64@npm:0.18.20":
  version: 0.18.20
  resolution: "@esbuild/darwin-arm64@npm:0.18.20"
  conditions: os=darwin & cpu=arm64
  languageName: node
  linkType: hard

"@esbuild/darwin-x64@npm:0.18.20":
  version: 0.18.20
  resolution: "@esbuild/darwin-x64@npm:0.18.20"
  conditions: os=darwin & cpu=x64
  languageName: node
  linkType: hard

"@esbuild/freebsd-arm64@npm:0.18.20":
  version: 0.18.20
  resolution: "@esbuild/freebsd-arm64@npm:0.18.20"
  conditions: os=freebsd & cpu=arm64
  languageName: node
  linkType: hard

"@esbuild/freebsd-x64@npm:0.18.20":
  version: 0.18.20
  resolution: "@esbuild/freebsd-x64@npm:0.18.20"
  conditions: os=freebsd & cpu=x64
  languageName: node
  linkType: hard

"@esbuild/linux-arm64@npm:0.18.20":
  version: 0.18.20
  resolution: "@esbuild/linux-arm64@npm:0.18.20"
  conditions: os=linux & cpu=arm64
  languageName: node
  linkType: hard

"@esbuild/linux-arm@npm:0.18.20":
  version: 0.18.20
  resolution: "@esbuild/linux-arm@npm:0.18.20"
  conditions: os=linux & cpu=arm
  languageName: node
  linkType: hard

"@esbuild/linux-ia32@npm:0.18.20":
  version: 0.18.20
  resolution: "@esbuild/linux-ia32@npm:0.18.20"
  conditions: os=linux & cpu=ia32
  languageName: node
  linkType: hard

"@esbuild/linux-loong64@npm:0.18.20":
  version: 0.18.20
  resolution: "@esbuild/linux-loong64@npm:0.18.20"
  conditions: os=linux & cpu=loong64
  languageName: node
  linkType: hard

"@esbuild/linux-mips64el@npm:0.18.20":
  version: 0.18.20
  resolution: "@esbuild/linux-mips64el@npm:0.18.20"
  conditions: os=linux & cpu=mips64el
  languageName: node
  linkType: hard

"@esbuild/linux-ppc64@npm:0.18.20":
  version: 0.18.20
  resolution: "@esbuild/linux-ppc64@npm:0.18.20"
  conditions: os=linux & cpu=ppc64
  languageName: node
  linkType: hard

"@esbuild/linux-riscv64@npm:0.18.20":
  version: 0.18.20
  resolution: "@esbuild/linux-riscv64@npm:0.18.20"
  conditions: os=linux & cpu=riscv64
  languageName: node
  linkType: hard

"@esbuild/linux-s390x@npm:0.18.20":
  version: 0.18.20
  resolution: "@esbuild/linux-s390x@npm:0.18.20"
  conditions: os=linux & cpu=s390x
  languageName: node
  linkType: hard

"@esbuild/linux-x64@npm:0.18.20":
  version: 0.18.20
  resolution: "@esbuild/linux-x64@npm:0.18.20"
  conditions: os=linux & cpu=x64
  languageName: node
  linkType: hard

"@esbuild/netbsd-x64@npm:0.18.20":
  version: 0.18.20
  resolution: "@esbuild/netbsd-x64@npm:0.18.20"
  conditions: os=netbsd & cpu=x64
  languageName: node
  linkType: hard

"@esbuild/openbsd-x64@npm:0.18.20":
  version: 0.18.20
  resolution: "@esbuild/openbsd-x64@npm:0.18.20"
  conditions: os=openbsd & cpu=x64
  languageName: node
  linkType: hard

"@esbuild/sunos-x64@npm:0.18.20":
  version: 0.18.20
  resolution: "@esbuild/sunos-x64@npm:0.18.20"
  conditions: os=sunos & cpu=x64
  languageName: node
  linkType: hard

"@esbuild/win32-arm64@npm:0.18.20":
  version: 0.18.20
  resolution: "@esbuild/win32-arm64@npm:0.18.20"
  conditions: os=win32 & cpu=arm64
  languageName: node
  linkType: hard

"@esbuild/win32-ia32@npm:0.18.20":
  version: 0.18.20
  resolution: "@esbuild/win32-ia32@npm:0.18.20"
  conditions: os=win32 & cpu=ia32
  languageName: node
  linkType: hard

"@esbuild/win32-x64@npm:0.18.20":
  version: 0.18.20
  resolution: "@esbuild/win32-x64@npm:0.18.20"
  conditions: os=win32 & cpu=x64
  languageName: node
  linkType: hard

"@vue/reactivity@npm:~3.1.1":
  version: 3.1.5
  resolution: "@vue/reactivity@npm:3.1.5"
  dependencies:
    "@vue/shared": 3.1.5
  checksum: b7dfcaa30aacd658502ce9373d4343d3607486796fbaae28d4ac4ab955cec766c8c6a34cb422965b21154b6319e467c54259cd6da2d9b2687501cd9e36f4197c
  languageName: node
  linkType: hard

"@vue/shared@npm:3.1.5":
  version: 3.1.5
  resolution: "@vue/shared@npm:3.1.5"
  checksum: a34b942e1aeed5d2b0fe887d0804061d2e799ef9a0d641aaae368c6fa9e2bf311e415f02883f26963bd35d90cac165433cfe74360f7ee88304fccaa144422d83
  languageName: node
  linkType: hard

"alpinejs@npm:^3.12.3":
  version: 3.13.0
  resolution: "alpinejs@npm:3.13.0"
  dependencies:
    "@vue/reactivity": ~3.1.1
  checksum: f28e69b5783670927703b035735b83767f328ee77749f4fdfa2d533d1857ebe2323d46a143db76878a21155e7804535336da90c36a68ca7e106f9905aa9cc0d8
  languageName: node
  linkType: hard

"esbuild@npm:^0.18.19":
  version: 0.18.20
  resolution: "esbuild@npm:0.18.20"
  dependencies:
    "@esbuild/android-arm": 0.18.20
    "@esbuild/android-arm64": 0.18.20
    "@esbuild/android-x64": 0.18.20
    "@esbuild/darwin-arm64": 0.18.20
    "@esbuild/darwin-x64": 0.18.20
    "@esbuild/freebsd-arm64": 0.18.20
    "@esbuild/freebsd-x64": 0.18.20
    "@esbuild/linux-arm": 0.18.20
    "@esbuild/linux-arm64": 0.18.20
    "@esbuild/linux-ia32": 0.18.20
    "@esbuild/linux-loong64": 0.18.20
    "@esbuild/linux-mips64el": 0.18.20
    "@esbuild/linux-ppc64": 0.18.20
    "@esbuild/linux-riscv64": 0.18.20
    "@esbuild/linux-s390x": 0.18.20
    "@esbuild/linux-x64": 0.18.20
    "@esbuild/netbsd-x64": 0.18.20
    "@esbuild/openbsd-x64": 0.18.20
    "@esbuild/sunos-x64": 0.18.20
    "@esbuild/win32-arm64": 0.18.20
    "@esbuild/win32-ia32": 0.18.20
    "@esbuild/win32-x64": 0.18.20
  dependenciesMeta:
    "@esbuild/android-arm":
      optional: true
    "@esbuild/android-arm64":
      optional: true
    "@esbuild/android-x64":
      optional: true
    "@esbuild/darwin-arm64":
      optional: true
    "@esbuild/darwin-x64":
      optional: true
    "@esbuild/freebsd-arm64":
      optional: true
    "@esbuild/freebsd-x64":
      optional: true
    "@esbuild/linux-arm":
      optional: true
    "@esbuild/linux-arm64":
      optional: true
    "@esbuild/linux-ia32":
      optional: true
    "@esbuild/linux-loong64":
      optional: true
    "@esbuild/linux-mips64el":
      optional: true
    "@esbuild/linux-ppc64":
      optional: true
    "@esbuild/linux-riscv64":
      optional: true
    "@esbuild/linux-s390x":
      optional: true
    "@esbuild/linux-x64":
      optional: true
    "@esbuild/netbsd-x64":
      optional: true
    "@esbuild/openbsd-x64":
      optional: true
    "@esbuild/sunos-x64":
      optional: true
    "@esbuild/win32-arm64":
      optional: true
    "@esbuild/win32-ia32":
      optional: true
    "@esbuild/win32-x64":
      optional: true
  bin:
    esbuild: bin/esbuild
  checksum: 5d253614e50cdb6ec22095afd0c414f15688e7278a7eb4f3720a6dd1306b0909cf431e7b9437a90d065a31b1c57be60130f63fe3e8d0083b588571f31ee6ec7b
  languageName: node
  linkType: hard

"flip-js@npm:^0.0.4":
  version: 0.0.4
  resolution: "flip-js@npm:0.0.4"
  checksum: ea6ed657796683b11484e878c477b768010f4457d5e22370d8d32d9d1b4e1833f98f3fd23f6d19ad93ade9397ef2f889353730944f7ba61a3fb00b305577b50c
  languageName: node
  linkType: hard

"omni-core-filemanager@workspace:.":
  version: 0.0.0-use.local
  resolution: "omni-core-filemanager@workspace:."
  dependencies:
    alpinejs: ^3.12.3
    esbuild: ^0.18.19
    flip-js: ^0.0.4
    typescript: ^5.1.6
  languageName: unknown
  linkType: soft

"typescript@npm:^5.1.6":
  version: 5.2.2
  resolution: "typescript@npm:5.2.2"
  bin:
    tsc: bin/tsc
    tsserver: bin/tsserver
  checksum: 7912821dac4d962d315c36800fe387cdc0a6298dba7ec171b350b4a6e988b51d7b8f051317786db1094bd7431d526b648aba7da8236607febb26cf5b871d2d3c
  languageName: node
  linkType: hard

"typescript@patch:typescript@^5.1.6#~builtin<compat/typescript>":
  version: 5.2.2
  resolution: "typescript@patch:typescript@npm%3A5.2.2#~builtin<compat/typescript>::version=5.2.2&hash=ad5954"
  bin:
    tsc: bin/tsc
    tsserver: bin/tsserver
  checksum: 07106822b4305de3f22835cbba949a2b35451cad50888759b6818421290ff95d522b38ef7919e70fb381c5fe9c1c643d7dea22c8b31652a717ddbd57b7f4d554
  languageName: node
  linkType: hard
